
Microsoft Visual Studio Solution File, Format Version 12.00
Project("{FAE04EC0-301F-11D3-BF4B-00C04F79EFBC}") = "LearnEF", "LearnEF\LearnEF.csproj", "{C6892FD5-C816-436E-9F45-1E5587485701}"
EndProject
Global
	GlobalSection(SolutionConfigurationPlatforms) = preSolution
		Debug|Any CPU = Debug|Any CPU
		Release|Any CPU = Release|Any CPU
	EndGlobalSection
	GlobalSection(ProjectConfigurationPlatforms) = postSolution
		{C6892FD5-C816-436E-9F45-1E5587485701}.Debug|Any CPU.ActiveCfg = Debug|Any CPU
		{C6892FD5-C816-436E-9F45-1E5587485701}.Debug|Any CPU.Build.0 = Debug|Any CPU
		{C6892FD5-C816-436E-9F45-1E5587485701}.Release|Any CPU.ActiveCfg = Release|Any CPU
		{C6892FD5-C816-436E-9F45-1E5587485701}.Release|Any CPU.Build.0 = Release|Any CPU
	EndGlobalSection
EndGlobal
